{
  "name": "GlowDeck - Dashboad App",
  "lockfileVersion": 3,
  "requires": true,
  "packages": {
    "": {
      "dependencies": {
        "superpowers": "github:obra/superpowers"
      }
    },
    "node_modules/superpowers": {
      "version": "5.0.7",
      "resolved": "git+ssh://git@github.com/obra/superpowers.git#917e5f53b16b115b70a3a355ed5f4993b9f8b73d"
    }
  }
}
